
Microsoft Visual Studio Solution File, Format Version 12.00
# Visual Studio 15
VisualStudioVersion = 15.0.27130.2020
MinimumVisualStudioVersion = 10.0.40219.1
Project("{FAE04EC0-301F-11D3-BF4B-00C04F79EFBC}") = "chksm-csharp", "chksm-csharp\chksm-csharp.csproj", "{ED896008-49A5-4632-96A0-1BF9031B7287}"
EndProject
Global
	GlobalSection(SolutionConfigurationPlatforms) = preSolution
		Debug|Any CPU = Debug|Any CPU
		Release|Any CPU = Release|Any CPU
	EndGlobalSection
	GlobalSection(ProjectConfigurationPlatforms) = postSolution
		{ED896008-49A5-4632-96A0-1BF9031B7287}.Debug|Any CPU.ActiveCfg = Debug|Any CPU
		{ED896008-49A5-4632-96A0-1BF9031B7287}.Debug|Any CPU.Build.0 = Debug|Any CPU
		{ED896008-49A5-4632-96A0-1BF9031B7287}.Release|Any CPU.ActiveCfg = Release|Any CPU
		{ED896008-49A5-4632-96A0-1BF9031B7287}.Release|Any CPU.Build.0 = Release|Any CPU
	EndGlobalSection
	GlobalSection(SolutionProperties) = preSolution
		HideSolutionNode = FALSE
	EndGlobalSection
	GlobalSection(ExtensibilityGlobals) = postSolution
		SolutionGuid = {35294A35-503E-489C-8237-7A18B857A4B4}
	EndGlobalSection
EndGlobal
